
Microsoft Visual Studio Solution File, Format Version 11.00
# Visual Studio 2010
Project("{FAE04EC0-301F-11D3-BF4B-00C04F79EFBC}") = "Monoid", "Monoid\Monoid.csproj", "{1FC01ADB-7BD4-4EE5-9176-AEA2DCF295FE}"
EndProject
Project("{FAE04EC0-301F-11D3-BF4B-00C04F79EFBC}") = "Functor", "Functor\Functor.csproj", "{9A7BF7BD-8E41-4599-AFD1-09C4E8082867}"
EndProject
Project("{FAE04EC0-301F-11D3-BF4B-00C04F79EFBC}") = "Monad", "Monad\Monad.csproj", "{2984E215-5512-49D4-AE7C-720F7C73372F}"
EndProject
Global
	GlobalSection(SolutionConfigurationPlatforms) = preSolution
		Debug|x86 = Debug|x86
		Release|x86 = Release|x86
	EndGlobalSection
	GlobalSection(ProjectConfigurationPlatforms) = postSolution
		{1FC01ADB-7BD4-4EE5-9176-AEA2DCF295FE}.Debug|x86.ActiveCfg = Debug|x86
		{1FC01ADB-7BD4-4EE5-9176-AEA2DCF295FE}.Debug|x86.Build.0 = Debug|x86
		{1FC01ADB-7BD4-4EE5-9176-AEA2DCF295FE}.Release|x86.ActiveCfg = Release|x86
		{1FC01ADB-7BD4-4EE5-9176-AEA2DCF295FE}.Release|x86.Build.0 = Release|x86
		{9A7BF7BD-8E41-4599-AFD1-09C4E8082867}.Debug|x86.ActiveCfg = Debug|x86
		{9A7BF7BD-8E41-4599-AFD1-09C4E8082867}.Debug|x86.Build.0 = Debug|x86
		{9A7BF7BD-8E41-4599-AFD1-09C4E8082867}.Release|x86.ActiveCfg = Release|x86
		{9A7BF7BD-8E41-4599-AFD1-09C4E8082867}.Release|x86.Build.0 = Release|x86
		{2984E215-5512-49D4-AE7C-720F7C73372F}.Debug|x86.ActiveCfg = Debug|x86
		{2984E215-5512-49D4-AE7C-720F7C73372F}.Debug|x86.Build.0 = Debug|x86
		{2984E215-5512-49D4-AE7C-720F7C73372F}.Release|x86.ActiveCfg = Release|x86
		{2984E215-5512-49D4-AE7C-720F7C73372F}.Release|x86.Build.0 = Release|x86
	EndGlobalSection
	GlobalSection(SolutionProperties) = preSolution
		HideSolutionNode = FALSE
	EndGlobalSection
EndGlobal
